PODS:
  - device_info_plus (0.0.1):
    - FlutterMacOS
  - ffmpeg_kit_flutter_new_min (7.1.1):
    - ffmpeg_kit_flutter_new_min/min (= 7.1.1)
    - FlutterMacOS
  - ffmpeg_kit_flutter_new_min/min (7.1.1):
    - FlutterMacOS
  - file_picker (0.0.1):
    - FlutterMacOS
  - flutter_secure_storage_darwin (10.0.0):
    - Flutter
    - FlutterMacOS
  - FlutterMacOS (1.0.0)
  - media_kit_libs_macos_video (1.0.4):
    - FlutterMacOS
  - media_kit_video (0.0.1):
    - FlutterMacOS
  - package_info_plus (0.0.1):
    - FlutterMacOS
  - shared_preferences_foundation (0.0.1):
    - Flutter
    - FlutterMacOS
  - shirm_crypto (0.0.1):
    - FlutterMacOS
  - velopack_flutter (0.0.1):
    - FlutterMacOS
  - volume_controller (0.0.1):
    - FlutterMacOS
  - wakelock_plus (0.0.1):
    - FlutterMacOS
  - webcrypto (0.1.1):
    - Flutter
    - FlutterMacOS
  - webview_flutter_wkwebview (0.0.1):
    - Flutter
    - FlutterMacOS

DEPENDENCIES:
  - device_info_plus (from `Flutter/ephemeral/.symlinks/plugins/device_info_plus/macos`)
  - ffmpeg_kit_flutter_new_min (from `Flutter/ephemeral/.symlinks/plugins/ffmpeg_kit_flutter_new_min/macos`)
  - file_picker (from `Flutter/ephemeral/.symlinks/plugins/file_picker/macos`)
  - flutter_secure_storage_darwin (from `Flutter/ephemeral/.symlinks/plugins/flutter_secure_storage_darwin/darwin`)
  - FlutterMacOS (from `Flutter/ephemeral`)
  - media_kit_libs_macos_video (from `Flutter/ephemeral/.symlinks/plugins/media_kit_libs_macos_video/macos`)
  - media_kit_video (from `Flutter/ephemeral/.symlinks/plugins/media_kit_video/macos`)
  - package_info_plus (from `Flutter/ephemeral/.symlinks/plugins/package_info_plus/macos`)
  - shared_preferences_foundation (from `Flutter/ephemeral/.symlinks/plugins/shared_preferences_foundation/darwin`)
  - shirm_crypto (from `Flutter/ephemeral/.symlinks/plugins/shirm_crypto/macos`)
  - velopack_flutter (from `Flutter/ephemeral/.symlinks/plugins/velopack_flutter/macos`)
  - volume_controller (from `Flutter/ephemeral/.symlinks/plugins/volume_controller/macos`)
  - wakelock_plus (from `Flutter/ephemeral/.symlinks/plugins/wakelock_plus/macos`)
  - webcrypto (from `Flutter/ephemeral/.symlinks/plugins/webcrypto/darwin`)
  - webview_flutter_wkwebview (from `Flutter/ephemeral/.symlinks/plugins/webview_flutter_wkwebview/darwin`)

EXTERNAL SOURCES:
  device_info_plus:
    :path: Flutter/ephemeral/.symlinks/plugins/device_info_plus/macos
  ffmpeg_kit_flutter_new_min:
    :path: Flutter/ephemeral/.symlinks/plugins/ffmpeg_kit_flutter_new_min/macos
  file_picker:
    :path: Flutter/ephemeral/.symlinks/plugins/file_picker/macos
  flutter_secure_storage_darwin:
    :path: Flutter/ephemeral/.symlinks/plugins/flutter_secure_storage_darwin/darwin
  FlutterMacOS:
    :path: Flutter/ephemeral
  media_kit_libs_macos_video:
    :path: Flutter/ephemeral/.symlinks/plugins/media_kit_libs_macos_video/macos
  media_kit_video:
    :path: Flutter/ephemeral/.symlinks/plugins/media_kit_video/macos
  package_info_plus:
    :path: Flutter/ephemeral/.symlinks/plugins/package_info_plus/macos
  shared_preferences_foundation:
    :path: Flutter/ephemeral/.symlinks/plugins/shared_preferences_foundation/darwin
  shirm_crypto:
    :path: Flutter/ephemeral/.symlinks/plugins/shirm_crypto/macos
  velopack_flutter:
    :path: Flutter/ephemeral/.symlinks/plugins/velopack_flutter/macos
  volume_controller:
    :path: Flutter/ephemeral/.symlinks/plugins/volume_controller/macos
  wakelock_plus:
    :path: Flutter/ephemeral/.symlinks/plugins/wakelock_plus/macos
  webcrypto:
    :path: Flutter/ephemeral/.symlinks/plugins/webcrypto/darwin
  webview_flutter_wkwebview:
    :path: Flutter/ephemeral/.symlinks/plugins/webview_flutter_wkwebview/darwin

SPEC CHECKSUMS:
  device_info_plus: 1b14eed9bf95428983aed283a8d51cce3d8c4215
  ffmpeg_kit_flutter_new_min: 9a859120bdef0222d153a51b9cbda0cc5873909a
  file_picker: e716a70a9fe5fd9e09ebc922d7541464289443af
  flutter_secure_storage_darwin: 557817588b80e60213cbecb573c45c76b788018d
  FlutterMacOS: d0db08ddef1a9af05a5ec4b724367152bb0500b1
  media_kit_libs_macos_video: b3e2bbec2eef97c285f2b1baa7963c67c753fb82
  media_kit_video: c75b07f14d59706c775778e4dd47dd027de8d1e5
  package_info_plus: 12f1c5c2cfe8727ca46cbd0b26677728972d9a5b
  shared_preferences_foundation: 5086985c1d43c5ba4d5e69a4e8083a389e2909e6
  shirm_crypto: 99941a2c65d32aca0d99ec4e3846d423e4f7d61e
  velopack_flutter: 9d8a62354a23c75157e37a66ef691a47b4fe0e92
  volume_controller: 90a5978956cf18ebb7739bf5382fc1b0cfef66d0
  wakelock_plus: 9d63063ffb7af1c215209769067c57103bde719d
  webcrypto: aa788ff6b0a956e5d6e613b35b99c13e220ca2d0
  webview_flutter_wkwebview: 29eb20d43355b48fe7d07113835b9128f84e3af4

PODFILE CHECKSUM: a0b03c5ca578b613a56231efcd01172e39838174

COCOAPODS: 1.16.2
